
Microsoft Visual Studio Solution File, Format Version 10.00
# Visual C++ Express 2008
Project("{8BC9CEB8-8B4A-11D0-8D11-00A0C91BC942}") = "QlTesting", "QlTesting\QlTesting.vcproj", "{2A1AFB2B-65D1-431F-9EDC-5DC38ADA6F2E}"
EndProject
Global
	GlobalSection(SolutionConfigurationPlatforms) = preSolution
		Debug|Win32 = Debug|Win32
		Release|Win32 = Release|Win32
	EndGlobalSection
	GlobalSection(ProjectConfigurationPlatforms) = postSolution
		{2A1AFB2B-65D1-431F-9EDC-5DC38ADA6F2E}.Debug|Win32.ActiveCfg = Debug|Win32
		{2A1AFB2B-65D1-431F-9EDC-5DC38ADA6F2E}.Debug|Win32.Build.0 = Debug|Win32
		{2A1AFB2B-65D1-431F-9EDC-5DC38ADA6F2E}.Release|Win32.ActiveCfg = Release|Win32
		{2A1AFB2B-65D1-431F-9EDC-5DC38ADA6F2E}.Release|Win32.Build.0 = Release|Win32
	EndGlobalSection
	GlobalSection(SolutionProperties) = preSolution
		HideSolutionNode = FALSE
	EndGlobalSection
EndGlobal
